// !$*UTF8*$!
{
	archiveVersion = 1;
	classes = {
	};
	objectVersion = 46;
	objects = {

/* Begin PBXBuildFile section */
		04FFBC34184C91D2000DABE9 /* UIKit.framework in Frameworks */ = {isa = PBXBuildFile; fileRef = 04FFBC33184C91D2000DABE9 /* UIKit.framework */; };
		04FFBC36184C91D3000DABE9 /* Foundation.framework in Frameworks */ = {isa = PBXBuildFile; fileRef = 04FFBC35184C91D3000DABE9 /* Foundation.framework */; };
		04FFBC38184C91D3000DABE9 /* CoreGraphics.framework in Frameworks */ = {isa = PBXBuildFile; fileRef = 04FFBC37184C91D3000DABE9 /* CoreGraphics.framework */; };
		04FFBC3E184C91D3000DABE9 /* InfoPlist.strings in Resources */ = {isa = PBXBuildFile; fileRef = 04FFBC3C184C91D3000DABE9 /* InfoPlist.strings */; };
		04FFBC40184C91D3000DABE9 /* main.m in Sources */ = {isa = PBXBuildFile; fileRef = 04FFBC3F184C91D3000DABE9 /* main.m */; };
		04FFBC44184C91D3000DABE9 /* TLVAppDelegate.m in Sources */ = {isa = PBXBuildFile; fileRef = 04FFBC43184C91D3000DABE9 /* TLVAppDelegate.m */; };
		04FFBC46184C91D3000DABE9 /* Default.png in Resources */ = {isa = PBXBuildFile; fileRef = 04FFBC45184C91D3000DABE9 /* Default.png */; };
		04FFBC48184C91D3000DABE9 /* Default@2x.png in Resources */ = {isa = PBXBuildFile; fileRef = 04FFBC47184C91D3000DABE9 /* Default@2x.png */; };
		04FFBC4A184C91D3000DABE9 /* Default-568h@2x.png in Resources */ = {isa = PBXBuildFile; fileRef = 04FFBC49184C91D3000DABE9 /* Default-568h@2x.png */; };
		04FFBC4D184C91D3000DABE9 /* TLVViewController.m in Sources */ = {isa = PBXBuildFile; fileRef = 04FFBC4C184C91D3000DABE9 /* TLVViewController.m */; };
		04FFBC50184C91D3000DABE9 /* TLVViewController.xib in Resources */ = {isa = PBXBuildFile; fileRef = 04FFBC4E184C91D3000DABE9 /* TLVViewController.xib */; };
		04FFBC5C184C9292000DABE9 /* LPositon.m in Sources */ = {isa = PBXBuildFile; fileRef = 04FFBC57184C9292000DABE9 /* LPositon.m */; };
		04FFBC5D184C9292000DABE9 /* TLVParseUtils.m in Sources */ = {isa = PBXBuildFile; fileRef = 04FFBC59184C9292000DABE9 /* TLVParseUtils.m */; };
		04FFBC5E184C9292000DABE9 /* TLV.m in Sources */ = {isa = PBXBuildFile; fileRef = 04FFBC5B184C9292000DABE9 /* TLV.m */; };
/* End PBXBuildFile section */

/* Begin PBXFileReference section */
		04FFBC30184C91D2000DABE9 /* TLVParse.app */ = {isa = PBXFileReference; explicitFileType = wrapper.application; includeInIndex = 0; path = TLVParse.app; sourceTree = BUILT_PRODUCTS_DIR; };
		04FFBC33184C91D2000DABE9 /* UIKit.framework */ = {isa = PBXFileReference; lastKnownFileType = wrapper.framework; name = UIKit.framework; path = System/Library/Frameworks/UIKit.framework; sourceTree = SDKROOT; };
		04FFBC35184C91D3000DABE9 /* Foundation.framework */ = {isa = PBXFileReference; lastKnownFileType = wrapper.framework; name = Foundation.framework; path = System/Library/Frameworks/Foundation.framework; sourceTree = SDKROOT; };
		04FFBC37184C91D3000DABE9 /* CoreGraphics.framework */ = {isa = PBXFileReference; lastKnownFileType = wrapper.framework; name = CoreGraphics.framework; path = System/Library/Frameworks/CoreGraphics.framework; sourceTree = SDKROOT; };
		04FFBC3B184C91D3000DABE9 /* TLVParse-Info.plist */ = {isa = PBXFileReference; lastKnownFileType = text.plist.xml; path = "TLVParse-Info.plist"; sourceTree = "<group>"; };
		04FFBC3D184C91D3000DABE9 /* en */ = {isa = PBXFileReference; lastKnownFileType = text.plist.strings; name = en; path = en.lproj/InfoPlist.strings; sourceTree = "<group>"; };
		04FFBC3F184C91D3000DABE9 /* main.m */ = {isa = PBXFileReference; lastKnownFileType = sourcecode.c.objc; path = main.m; sourceTree = "<group>"; };
		04FFBC41184C91D3000DABE9 /* TLVParse-Prefix.pch */ = {isa = PBXFileReference; lastKnownFileType = sourcecode.c.h; path = "TLVParse-Prefix.pch"; sourceTree = "<group>"; };
		04FFBC42184C91D3000DABE9 /* TLVAppDelegate.h */ = {isa = PBXFileReference; lastKnownFileType = sourcecode.c.h; path = TLVAppDelegate.h; sourceTree = "<group>"; };
		04FFBC43184C91D3000DABE9 /* TLVAppDelegate.m */ = {isa = PBXFileReference; lastKnownFileType = sourcecode.c.objc; path = TLVAppDelegate.m; sourceTree = "<group>"; };
		04FFBC45184C91D3000DABE9 /* Default.png */ = {isa = PBXFileReference; lastKnownFileType = image.png; path = Default.png; sourceTree = "<group>"; };
		04FFBC47184C91D3000DABE9 /* Default@2x.png */ = {isa = PBXFileReference; lastKnownFileType = image.png; path = "Default@2x.png"; sourceTree = "<group>"; };
		04FFBC49184C91D3000DABE9 /* Default-568h@2x.png */ = {isa = PBXFileReference; lastKnownFileType = image.png; path = "Default-568h@2x.png"; sourceTree = "<group>"; };
		04FFBC4B184C91D3000DABE9 /* TLVViewController.h */ = {isa = PBXFileReference; lastKnownFileType = sourcecode.c.h; path = TLVViewController.h; sourceTree = "<group>"; };
		04FFBC4C184C91D3000DABE9 /* TLVViewController.m */ = {isa = PBXFileReference; lastKnownFileType = sourcecode.c.objc; path = TLVViewController.m; sourceTree = "<group>"; };
		04FFBC4F184C91D3000DABE9 /* en */ = {isa = PBXFileReference; lastKnownFileType = file.xib; name = en; path = en.lproj/TLVViewController.xib; sourceTree = "<group>"; };
		04FFBC56184C9292000DABE9 /* LPositon.h */ = {isa = PBXFileReference; fileEncoding = 4; lastKnownFileType = sourcecode.c.h; path = LPositon.h; sourceTree = "<group>"; };
		04FFBC57184C9292000DABE9 /* LPositon.m */ = {isa = PBXFileReference; fileEncoding = 4; lastKnownFileType = sourcecode.c.objc; path = LPositon.m; sourceTree = "<group>"; };
		04FFBC58184C9292000DABE9 /* TLVParseUtils.h */ = {isa = PBXFileReference; fileEncoding = 4; lastKnownFileType = sourcecode.c.h; path = TLVParseUtils.h; sourceTree = "<group>"; };
		04FFBC59184C9292000DABE9 /* TLVParseUtils.m */ = {isa = PBXFileReference; fileEncoding = 4; lastKnownFileType = sourcecode.c.objc; path = TLVParseUtils.m; sourceTree = "<group>"; };
		04FFBC5A184C9292000DABE9 /* TLV.h */ = {isa = PBXFileReference; fileEncoding = 4; lastKnownFileType = sourcecode.c.h; path = TLV.h; sourceTree = "<group>"; };
		04FFBC5B184C9292000DABE9 /* TLV.m */ = {isa = PBXFileReference; fileEncoding = 4; lastKnownFileType = sourcecode.c.objc; path = TLV.m; sourceTree = "<group>"; };
/* End PBXFileReference section */

/* Begin PBXFrameworksBuildPhase section */
		04FFBC2D184C91D2000DABE9 /* Frameworks */ = {
			isa = PBXFrameworksBuildPhase;
			buildActionMask = 2147483647;
			files = (
				04FFBC34184C91D2000DABE9 /* UIKit.framework in Frameworks */,
				04FFBC36184C91D3000DABE9 /* Foundation.framework in Frameworks */,
				04FFBC38184C91D3000DABE9 /* CoreGraphics.framework in Frameworks */,
			);
			runOnlyForDeploymentPostprocessing = 0;
		};
/* End PBXFrameworksBuildPhase section */

/* Begin PBXGroup section */
		04FFBC27184C91D2000DABE9 = {
			isa = PBXGroup;
			children = (
				04FFBC39184C91D3000DABE9 /* TLVParse */,
				04FFBC32184C91D2000DABE9 /* Frameworks */,
				04FFBC31184C91D2000DABE9 /* Products */,
			);
			sourceTree = "<group>";
		};
		04FFBC31184C91D2000DABE9 /* Products */ = {
			isa = PBXGroup;
			children = (
				04FFBC30184C91D2000DABE9 /* TLVParse.app */,
			);
			name = Products;
			sourceTree = "<group>";
		};
		04FFBC32184C91D2000DABE9 /* Frameworks */ = {
			isa = PBXGroup;
			children = (
				04FFBC33184C91D2000DABE9 /* UIKit.framework */,
				04FFBC35184C91D3000DABE9 /* Foundation.framework */,
				04FFBC37184C91D3000DABE9 /* CoreGraphics.framework */,
			);
			name = Frameworks;
			sourceTree = "<group>";
		};
		04FFBC39184C91D3000DABE9 /* TLVParse */ = {
			isa = PBXGroup;
			children = (
				04FFBC5F184C929C000DABE9 /* tlvparse */,
				04FFBC42184C91D3000DABE9 /* TLVAppDelegate.h */,
				04FFBC43184C91D3000DABE9 /* TLVAppDelegate.m */,
				04FFBC4B184C91D3000DABE9 /* TLVViewController.h */,
				04FFBC4C184C91D3000DABE9 /* TLVViewController.m */,
				04FFBC4E184C91D3000DABE9 /* TLVViewController.xib */,
				04FFBC3A184C91D3000DABE9 /* Supporting Files */,
			);
			path = TLVParse;
			sourceTree = "<group>";
		};
		04FFBC3A184C91D3000DABE9 /* Supporting Files */ = {
			isa = PBXGroup;
			children = (
				04FFBC3B184C91D3000DABE9 /* TLVParse-Info.plist */,
				04FFBC3C184C91D3000DABE9 /* InfoPlist.strings */,
				04FFBC3F184C91D3000DABE9 /* main.m */,
				04FFBC41184C91D3000DABE9 /* TLVParse-Prefix.pch */,
				04FFBC45184C91D3000DABE9 /* Default.png */,
				04FFBC47184C91D3000DABE9 /* Default@2x.png */,
				04FFBC49184C91D3000DABE9 /* Default-568h@2x.png */,
			);
			name = "Supporting Files";
			sourceTree = "<group>";
		};
		04FFBC5F184C929C000DABE9 /* tlvparse */ = {
			isa = PBXGroup;
			children = (
				04FFBC56184C9292000DABE9 /* LPositon.h */,
				04FFBC57184C9292000DABE9 /* LPositon.m */,
				04FFBC58184C9292000DABE9 /* TLVParseUtils.h */,
				04FFBC59184C9292000DABE9 /* TLVParseUtils.m */,
				04FFBC5A184C9292000DABE9 /* TLV.h */,
				04FFBC5B184C9292000DABE9 /* TLV.m */,
			);
			name = tlvparse;
			sourceTree = "<group>";
		};
/* End PBXGroup section */

/* Begin PBXNativeTarget section */
		04FFBC2F184C91D2000DABE9 /* TLVParse */ = {
			isa = PBXNativeTarget;
			buildConfigurationList = 04FFBC53184C91D3000DABE9 /* Build configuration list for PBXNativeTarget "TLVParse" */;
			buildPhases = (
				04FFBC2C184C91D2000DABE9 /* Sources */,
				04FFBC2D184C91D2000DABE9 /* Frameworks */,
				04FFBC2E184C91D2000DABE9 /* Resources */,
			);
			buildRules = (
			);
			dependencies = (
			);
			name = TLVParse;
			productName = TLVParse;
			productReference = 04FFBC30184C91D2000DABE9 /* TLVParse.app */;
			productType = "com.apple.product-type.application";
		};
/* End PBXNativeTarget section */

/* Begin PBXProject section */
		04FFBC28184C91D2000DABE9 /* Project object */ = {
			isa = PBXProject;
			attributes = {
				CLASSPREFIX = TLV;
				LastUpgradeCheck = 0460;
				ORGANIZATIONNAME = "朱克锋";
			};
			buildConfigurationList = 04FFBC2B184C91D2000DABE9 /* Build configuration list for PBXProject "TLVParse" */;
			compatibilityVersion = "Xcode 3.2";
			developmentRegion = English;
			hasScannedForEncodings = 0;
			knownRegions = (
				en,
			);
			mainGroup = 04FFBC27184C91D2000DABE9;
			productRefGroup = 04FFBC31184C91D2000DABE9 /* Products */;
			projectDirPath = "";
			projectRoot = "";
			targets = (
				04FFBC2F184C91D2000DABE9 /* TLVParse */,
			);
		};
/* End PBXProject section */

/* Begin PBXResourcesBuildPhase section */
		04FFBC2E184C91D2000DABE9 /* Resources */ = {
			isa = PBXResourcesBuildPhase;
			buildActionMask = 2147483647;
			files = (
				04FFBC3E184C91D3000DABE9 /* InfoPlist.strings in Resources */,
				04FFBC46184C91D3000DABE9 /* Default.png in Resources */,
				04FFBC48184C91D3000DABE9 /* Default@2x.png in Resources */,
				04FFBC4A184C91D3000DABE9 /* Default-568h@2x.png in Resources */,
				04FFBC50184C91D3000DABE9 /* TLVViewController.xib in Resources */,
			);
			runOnlyForDeploymentPostprocessing = 0;
		};
/* End PBXResourcesBuildPhase section */

/* Begin PBXSourcesBuildPhase section */
		04FFBC2C184C91D2000DABE9 /* Sources */ = {
			isa = PBXSourcesBuildPhase;
			buildActionMask = 2147483647;
			files = (
				04FFBC40184C91D3000DABE9 /* main.m in Sources */,
				04FFBC44184C91D3000DABE9 /* TLVAppDelegate.m in Sources */,
				04FFBC4D184C91D3000DABE9 /* TLVViewController.m in Sources */,
				04FFBC5C184C9292000DABE9 /* LPositon.m in Sources */,
				04FFBC5D184C9292000DABE9 /* TLVParseUtils.m in Sources */,
				04FFBC5E184C9292000DABE9 /* TLV.m in Sources */,
			);
			runOnlyForDeploymentPostprocessing = 0;
		};
/* End PBXSourcesBuildPhase section */

/* Begin PBXVariantGroup section */
		04FFBC3C184C91D3000DABE9 /* InfoPlist.strings */ = {
			isa = PBXVariantGroup;
			children = (
				04FFBC3D184C91D3000DABE9 /* en */,
			);
			name = InfoPlist.strings;
			sourceTree = "<group>";
		};
		04FFBC4E184C91D3000DABE9 /* TLVViewController.xib */ = {
			isa = PBXVariantGroup;
			children = (
				04FFBC4F184C91D3000DABE9 /* en */,
			);
			name = TLVViewController.xib;
			sourceTree = "<group>";
		};
/* End PBXVariantGroup section */

/* Begin XCBuildConfiguration section */
		04FFBC51184C91D3000DABE9 /* Debug */ = {
			isa = XCBuildConfiguration;
			buildSettings = {
				ALWAYS_SEARCH_USER_PATHS = NO;
				CLANG_CXX_LANGUAGE_STANDARD = "gnu++0x";
				CLANG_CXX_LIBRARY = "libc++";
				CLANG_WARN_CONSTANT_CONVERSION = YES;
				CLANG_WARN_EMPTY_BODY = YES;
				CLANG_WARN_ENUM_CONVERSION = YES;
				CLANG_WARN_INT_CONVERSION = YES;
				CLANG_WARN__DUPLICATE_METHOD_MATCH = YES;
				"CODE_SIGN_IDENTITY[sdk=iphoneos*]" = "iPhone Developer";
				COPY_PHASE_STRIP = NO;
				GCC_C_LANGUAGE_STANDARD = gnu99;
				GCC_DYNAMIC_NO_PIC = NO;
				GCC_OPTIMIZATION_LEVEL = 0;
				GCC_PREPROCESSOR_DEFINITIONS = (
					"DEBUG=1",
					"$(inherited)",
				);
				GCC_SYMBOLS_PRIVATE_EXTERN = NO;
				GCC_WARN_ABOUT_RETURN_TYPE = YES;
				GCC_WARN_UNINITIALIZED_AUTOS = YES;
				GCC_WARN_UNUSED_VARIABLE = YES;
				IPHONEOS_DEPLOYMENT_TARGET = 6.1;
				ONLY_ACTIVE_ARCH = YES;
				SDKROOT = iphoneos;
			};
			name = Debug;
		};
		04FFBC52184C91D3000DABE9 /* Release */ = {
			isa = XCBuildConfiguration;
			buildSettings = {
				ALWAYS_SEARCH_USER_PATHS = NO;
				CLANG_CXX_LANGUAGE_STANDARD = "gnu++0x";
				CLANG_CXX_LIBRARY = "libc++";
				CLANG_WARN_CONSTANT_CONVERSION = YES;
				CLANG_WARN_EMPTY_BODY = YES;
				CLANG_WARN_ENUM_CONVERSION = YES;
				CLANG_WARN_INT_CONVERSION = YES;
				CLANG_WARN__DUPLICATE_METHOD_MATCH = YES;
				"CODE_SIGN_IDENTITY[sdk=iphoneos*]" = "iPhone Developer";
				COPY_PHASE_STRIP = YES;
				GCC_C_LANGUAGE_STANDARD = gnu99;
				GCC_WARN_ABOUT_RETURN_TYPE = YES;
				GCC_WARN_UNINITIALIZED_AUTOS = YES;
				GCC_WARN_UNUSED_VARIABLE = YES;
				IPHONEOS_DEPLOYMENT_TARGET = 6.1;
				OTHER_CFLAGS = "-DNS_BLOCK_ASSERTIONS=1";
				SDKROOT = iphoneos;
				VALIDATE_PRODUCT = YES;
			};
			name = Release;
		};
		04FFBC54184C91D3000DABE9 /* Debug */ = {
			isa = XCBuildConfiguration;
			buildSettings = {
				GCC_PRECOMPILE_PREFIX_HEADER = YES;
				GCC_PREFIX_HEADER = "TLVParse/TLVParse-Prefix.pch";
				INFOPLIST_FILE = "TLVParse/TLVParse-Info.plist";
				PRODUCT_NAME = "$(TARGET_NAME)";
				WRAPPER_EXTENSION = app;
			};
			name = Debug;
		};
		04FFBC55184C91D3000DABE9 /* Release */ = {
			isa = XCBuildConfiguration;
			buildSettings = {
				GCC_PRECOMPILE_PREFIX_HEADER = YES;
				GCC_PREFIX_HEADER = "TLVParse/TLVParse-Prefix.pch";
				INFOPLIST_FILE = "TLVParse/TLVParse-Info.plist";
				PRODUCT_NAME = "$(TARGET_NAME)";
				WRAPPER_EXTENSION = app;
			};
			name = Release;
		};
/* End XCBuildConfiguration section */

/* Begin XCConfigurationList section */
		04FFBC2B184C91D2000DABE9 /* Build configuration list for PBXProject "TLVParse" */ = {
			isa = XCConfigurationList;
			buildConfigurations = (
				04FFBC51184C91D3000DABE9 /* Debug */,
				04FFBC52184C91D3000DABE9 /* Release */,
			);
			defaultConfigurationIsVisible = 0;
			defaultConfigurationName = Release;
		};
		04FFBC53184C91D3000DABE9 /* Build configuration list for PBXNativeTarget "TLVParse" */ = {
			isa = XCConfigurationList;
			buildConfigurations = (
				04FFBC54184C91D3000DABE9 /* Debug */,
				04FFBC55184C91D3000DABE9 /* Release */,
			);
			defaultConfigurationIsVisible = 0;
		};
/* End XCConfigurationList section */
	};
	rootObject = 04FFBC28184C91D2000DABE9 /* Project object */;
}
